// !$*UTF8*$!
{
	archiveVersion = 1;
	classes = {
	};
	objectVersion = 46;
	objects = {

/* Begin PBXBuildFile section */
		54007E961CA8E32A007B3DA2 /* NewPaymentCell.swift in Sources */ = {isa = PBXBuildFile; fileRef = 54007E951CA8E32A007B3DA2 /* NewPaymentCell.swift */; };
		542B19291C2A2F1F00A64089 /* TextInputCell.swift in Sources */ = {isa = PBXBuildFile; fileRef = 542B19281C2A2F1F00A64089 /* TextInputCell.swift */; };
		5447096A1E0DCCBF005E0B8F /* SettingsViewController.swift in Sources */ = {isa = PBXBuildFile; fileRef = 544709691E0DCCBF005E0B8F /* SettingsViewController.swift */; };
		5447096C1E0DD56E005E0B8F /* Settings.swift in Sources */ = {isa = PBXBuildFile; fileRef = 5447096B1E0DD56E005E0B8F /* Settings.swift */; };
		5447B19A1AC7426400A5C48B /* ClientInfoViewController.swift in Sources */ = {isa = PBXBuildFile; fileRef = 5447B1991AC7426400A5C48B /* ClientInfoViewController.swift */; };
		544990261E19BECA00CF8EEF /* DatePickerCell.swift in Sources */ = {isa = PBXBuildFile; fileRef = 544990251E19BECA00CF8EEF /* DatePickerCell.swift */; };
		545182C11CA7484500DF345A /* NewCategoryViewController.swift in Sources */ = {isa = PBXBuildFile; fileRef = 545182C01CA7484500DF345A /* NewCategoryViewController.swift */; };
		546B9EC61CBB0514001004F5 /* PaymentInfoViewController.swift in Sources */ = {isa = PBXBuildFile; fileRef = 546B9EC51CBB0514001004F5 /* PaymentInfoViewController.swift */; };
		547A8A691AC4E5F400CC4DB6 /* ClientsViewController.swift in Sources */ = {isa = PBXBuildFile; fileRef = 547A8A681AC4E5F400CC4DB6 /* ClientsViewController.swift */; };
		547DB8491E186CA1008FDDC8 /* SettingsCollectionCell.swift in Sources */ = {isa = PBXBuildFile; fileRef = 547DB8481E186CA1008FDDC8 /* SettingsCollectionCell.swift */; };
		54A956911CBB27490030E010 /* ClientDataCell.swift in Sources */ = {isa = PBXBuildFile; fileRef = 54A956901CBB27490030E010 /* ClientDataCell.swift */; };
		54C1867F1E19C34D009E07E5 /* PaymentDataCell.swift in Sources */ = {isa = PBXBuildFile; fileRef = 54C1867E1E19C34D009E07E5 /* PaymentDataCell.swift */; };
		54C2A2661B45BDD600271412 /* MileageTableViewController.swift in Sources */ = {isa = PBXBuildFile; fileRef = 54C2A2651B45BDD600271412 /* MileageTableViewController.swift */; };
		54C2A2681B45C33800271412 /* NewMileageViewController.swift in Sources */ = {isa = PBXBuildFile; fileRef = 54C2A2671B45C33800271412 /* NewMileageViewController.swift */; };
		54DE51D81B45EA72008A2570 /* Main.storyboard in Resources */ = {isa = PBXBuildFile; fileRef = 54DE51D61B45EA72008A2570 /* Main.storyboard */; };
		54EF3E9D1E0CD562005B0970 /* Clients.xcdatamodeld in Sources */ = {isa = PBXBuildFile; fileRef = 54EF3E9B1E0CD562005B0970 /* Clients.xcdatamodeld */; };
		54F1866C1AC49564006844CE /* AppDelegate.swift in Sources */ = {isa = PBXBuildFile; fileRef = 54F1866B1AC49564006844CE /* AppDelegate.swift */; };
		54F186751AC49564006844CE /* Images.xcassets in Resources */ = {isa = PBXBuildFile; fileRef = 54F186741AC49564006844CE /* Images.xcassets */; };
		54F186781AC49564006844CE /* LaunchScreen.xib in Resources */ = {isa = PBXBuildFile; fileRef = 54F186761AC49564006844CE /* LaunchScreen.xib */; };
		54F605CD1C2F4E3C00CB0A49 /* FileCreator.swift in Sources */ = {isa = PBXBuildFile; fileRef = 54F605CC1C2F4E3C00CB0A49 /* FileCreator.swift */; };
		54FEDE491E0B023B0086A072 /* CoreData.framework in Frameworks */ = {isa = PBXBuildFile; fileRef = 54FEDE481E0B023B0086A072 /* CoreData.framework */; };
		801936859BFFBCD07E66B3EF /* Pods_Clients.framework in Frameworks */ = {isa = PBXBuildFile; fileRef = D878D132A184EA0BBF717A89 /* Pods_Clients.framework */; };
/* End PBXBuildFile section */

/* Begin PBXContainerItemProxy section */
		54F1867E1AC49564006844CE /* PBXContainerItemProxy */ = {
			isa = PBXContainerItemProxy;
			containerPortal = 54F1865E1AC49564006844CE /* Project object */;
			proxyType = 1;
			remoteGlobalIDString = 54F186651AC49564006844CE;
			remoteInfo = VerdantConnections;
		};
/* End PBXContainerItemProxy section */

/* Begin PBXFileReference section */
		0A3B066A5EB7401D33A39D58 /* Pods.framework */ = {isa = PBXFileReference; explicitFileType = wrapper.framework; includeInIndex = 0; path = Pods.framework; sourceTree = BUILT_PRODUCTS_DIR; };
		2F239145ED8EAF74B1845444 /* Pods-Clients.debug.xcconfig */ = {isa = PBXFileReference; includeInIndex = 1; lastKnownFileType = text.xcconfig; name = "Pods-Clients.debug.xcconfig"; path = "Pods/Target Support Files/Pods-Clients/Pods-Clients.debug.xcconfig"; sourceTree = "<group>"; };
		54007E951CA8E32A007B3DA2 /* NewPaymentCell.swift */ = {isa = PBXFileReference; fileEncoding = 4; lastKnownFileType = sourcecode.swift; name = NewPaymentCell.swift; path = Cells/NewPaymentCell.swift; sourceTree = "<group>"; };
		542B19281C2A2F1F00A64089 /* TextInputCell.swift */ = {isa = PBXFileReference; fileEncoding = 4; lastKnownFileType = sourcecode.swift; name = TextInputCell.swift; path = Cells/TextInputCell.swift; sourceTree = "<group>"; };
		544709691E0DCCBF005E0B8F /* SettingsViewController.swift */ = {isa = PBXFileReference; fileEncoding = 4; lastKnownFileType = sourcecode.swift; path = SettingsViewController.swift; sourceTree = "<group>"; };
		5447096B1E0DD56E005E0B8F /* Settings.swift */ = {isa = PBXFileReference; fileEncoding = 4; lastKnownFileType = sourcecode.swift; path = Settings.swift; sourceTree = "<group>"; };
		5447B1991AC7426400A5C48B /* ClientInfoViewController.swift */ = {isa = PBXFileReference; fileEncoding = 4; lastKnownFileType = sourcecode.swift; path = ClientInfoViewController.swift; sourceTree = "<group>"; };
		544990251E19BECA00CF8EEF /* DatePickerCell.swift */ = {isa = PBXFileReference; fileEncoding = 4; lastKnownFileType = sourcecode.swift; name = DatePickerCell.swift; path = Cells/DatePickerCell.swift; sourceTree = "<group>"; };
		545182C01CA7484500DF345A /* NewCategoryViewController.swift */ = {isa = PBXFileReference; fileEncoding = 4; lastKnownFileType = sourcecode.swift; path = NewCategoryViewController.swift; sourceTree = "<group>"; };
		546B9EC51CBB0514001004F5 /* PaymentInfoViewController.swift */ = {isa = PBXFileReference; fileEncoding = 4; lastKnownFileType = sourcecode.swift; path = PaymentInfoViewController.swift; sourceTree = "<group>"; };
		547A8A681AC4E5F400CC4DB6 /* ClientsViewController.swift */ = {isa = PBXFileReference; fileEncoding = 4; lastKnownFileType = sourcecode.swift; path = ClientsViewController.swift; sourceTree = "<group>"; };
		547DB8481E186CA1008FDDC8 /* SettingsCollectionCell.swift */ = {isa = PBXFileReference; fileEncoding = 4; lastKnownFileType = sourcecode.swift; name = SettingsCollectionCell.swift; path = Cells/SettingsCollectionCell.swift; sourceTree = "<group>"; };
		54A956901CBB27490030E010 /* ClientDataCell.swift */ = {isa = PBXFileReference; fileEncoding = 4; lastKnownFileType = sourcecode.swift; name = ClientDataCell.swift; path = Cells/ClientDataCell.swift; sourceTree = "<group>"; };
		54B3418C1C2F75440025D151 /* Clients.entitlements */ = {isa = PBXFileReference; lastKnownFileType = text.xml; path = Clients.entitlements; sourceTree = "<group>"; };
		54C1867E1E19C34D009E07E5 /* PaymentDataCell.swift */ = {isa = PBXFileReference; fileEncoding = 4; lastKnownFileType = sourcecode.swift; name = PaymentDataCell.swift; path = Cells/PaymentDataCell.swift; sourceTree = "<group>"; };
		54C2A2651B45BDD600271412 /* MileageTableViewController.swift */ = {isa = PBXFileReference; fileEncoding = 4; lastKnownFileType = sourcecode.swift; path = MileageTableViewController.swift; sourceTree = "<group>"; };
		54C2A2671B45C33800271412 /* NewMileageViewController.swift */ = {isa = PBXFileReference; fileEncoding = 4; lastKnownFileType = sourcecode.swift; path = NewMileageViewController.swift; sourceTree = "<group>"; };
		54DE51D71B45EA72008A2570 /* Base */ = {isa = PBXFileReference; lastKnownFileType = file.storyboard; name = Base; path = Base.lproj/Main.storyboard; sourceTree = "<group>"; };
		54EF3E9C1E0CD562005B0970 /* Clients.xcdatamodel */ = {isa = PBXFileReference; lastKnownFileType = wrapper.xcdatamodel; path = Clients.xcdatamodel; sourceTree = "<group>"; };
		54F186661AC49564006844CE /* Clients.app */ = {isa = PBXFileReference; explicitFileType = wrapper.application; includeInIndex = 0; path = Clients.app; sourceTree = BUILT_PRODUCTS_DIR; };
		54F1866A1AC49564006844CE /* Info.plist */ = {isa = PBXFileReference; lastKnownFileType = text.plist.xml; path = Info.plist; sourceTree = "<group>"; };
		54F1866B1AC49564006844CE /* AppDelegate.swift */ = {isa = PBXFileReference; lastKnownFileType = sourcecode.swift; path = AppDelegate.swift; sourceTree = "<group>"; };
		54F186741AC49564006844CE /* Images.xcassets */ = {isa = PBXFileReference; lastKnownFileType = folder.assetcatalog; path = Images.xcassets; sourceTree = "<group>"; };
		54F186771AC49564006844CE /* Base */ = {isa = PBXFileReference; lastKnownFileType = file.xib; name = Base; path = Base.lproj/LaunchScreen.xib; sourceTree = "<group>"; };
		54F1867D1AC49564006844CE /* Clients.xctest */ = {isa = PBXFileReference; explicitFileType = wrapper.cfbundle; includeInIndex = 0; path = Clients.xctest; sourceTree = BUILT_PRODUCTS_DIR; };
		54F605CC1C2F4E3C00CB0A49 /* FileCreator.swift */ = {isa = PBXFileReference; fileEncoding = 4; lastKnownFileType = sourcecode.swift; path = FileCreator.swift; sourceTree = "<group>"; };
		54FEDE481E0B023B0086A072 /* CoreData.framework */ = {isa = PBXFileReference; lastKnownFileType = wrapper.framework; name = CoreData.framework; path = System/Library/Frameworks/CoreData.framework; sourceTree = SDKROOT; };
		C454141022F0101A6645A11F /* Pods-Clients.release.xcconfig */ = {isa = PBXFileReference; includeInIndex = 1; lastKnownFileType = text.xcconfig; name = "Pods-Clients.release.xcconfig"; path = "Pods/Target Support Files/Pods-Clients/Pods-Clients.release.xcconfig"; sourceTree = "<group>"; };
		D878D132A184EA0BBF717A89 /* Pods_Clients.framework */ = {isa = PBXFileReference; explicitFileType = wrapper.framework; includeInIndex = 0; path = Pods_Clients.framework; sourceTree = BUILT_PRODUCTS_DIR; };
/* End PBXFileReference section */

/* Begin PBXFrameworksBuildPhase section */
		54F186631AC49564006844CE /* Frameworks */ = {
			isa = PBXFrameworksBuildPhase;
			buildActionMask = 2147483647;
			files = (
				54FEDE491E0B023B0086A072 /* CoreData.framework in Frameworks */,
				801936859BFFBCD07E66B3EF /* Pods_Clients.framework in Frameworks */,
			);
			runOnlyForDeploymentPostprocessing = 0;
		};
		54F1867A1AC49564006844CE /* Frameworks */ = {
			isa = PBXFrameworksBuildPhase;
			buildActionMask = 2147483647;
			files = (
			);
			runOnlyForDeploymentPostprocessing = 0;
		};
/* End PBXFrameworksBuildPhase section */

/* Begin PBXGroup section */
		3287D62F4F1C3B4EF26C83FD /* Pods */ = {
			isa = PBXGroup;
			children = (
				2F239145ED8EAF74B1845444 /* Pods-Clients.debug.xcconfig */,
				C454141022F0101A6645A11F /* Pods-Clients.release.xcconfig */,
			);
			name = Pods;
			sourceTree = "<group>";
		};
		546EE25F1E0CD3AA001F2A13 /* Cells */ = {
			isa = PBXGroup;
			children = (
				542B19281C2A2F1F00A64089 /* TextInputCell.swift */,
				54007E951CA8E32A007B3DA2 /* NewPaymentCell.swift */,
				54A956901CBB27490030E010 /* ClientDataCell.swift */,
				547DB8481E186CA1008FDDC8 /* SettingsCollectionCell.swift */,
				544990251E19BECA00CF8EEF /* DatePickerCell.swift */,
				54C1867E1E19C34D009E07E5 /* PaymentDataCell.swift */,
			);
			name = Cells;
			sourceTree = "<group>";
		};
		54F1865D1AC49564006844CE = {
			isa = PBXGroup;
			children = (
				54F186681AC49564006844CE /* Clients */,
				54F186671AC49564006844CE /* Products */,
				9F4D9C4A02E310CEBD5EC6D5 /* Frameworks */,
				3287D62F4F1C3B4EF26C83FD /* Pods */,
			);
			sourceTree = "<group>";
		};
		54F186671AC49564006844CE /* Products */ = {
			isa = PBXGroup;
			children = (
				54F186661AC49564006844CE /* Clients.app */,
				54F1867D1AC49564006844CE /* Clients.xctest */,
			);
			name = Products;
			sourceTree = "<group>";
		};
		54F186681AC49564006844CE /* Clients */ = {
			isa = PBXGroup;
			children = (
				546EE25F1E0CD3AA001F2A13 /* Cells */,
				54F605CC1C2F4E3C00CB0A49 /* FileCreator.swift */,
				54EF3E9B1E0CD562005B0970 /* Clients.xcdatamodeld */,
				54B3418C1C2F75440025D151 /* Clients.entitlements */,
				54F1866B1AC49564006844CE /* AppDelegate.swift */,
				54F605D01C2F5D2A00CB0A49 /* ViewControllers */,
				54DE51D61B45EA72008A2570 /* Main.storyboard */,
				54F186741AC49564006844CE /* Images.xcassets */,
				54F186761AC49564006844CE /* LaunchScreen.xib */,
				54F186691AC49564006844CE /* Supporting Files */,
				5447096B1E0DD56E005E0B8F /* Settings.swift */,
			);
			path = Clients;
			sourceTree = "<group>";
		};
		54F186691AC49564006844CE /* Supporting Files */ = {
			isa = PBXGroup;
			children = (
				54F1866A1AC49564006844CE /* Info.plist */,
			);
			name = "Supporting Files";
			sourceTree = "<group>";
		};
		54F605D01C2F5D2A00CB0A49 /* ViewControllers */ = {
			isa = PBXGroup;
			children = (
				547A8A681AC4E5F400CC4DB6 /* ClientsViewController.swift */,
				545182C01CA7484500DF345A /* NewCategoryViewController.swift */,
				5447B1991AC7426400A5C48B /* ClientInfoViewController.swift */,
				54C2A2651B45BDD600271412 /* MileageTableViewController.swift */,
				54C2A2671B45C33800271412 /* NewMileageViewController.swift */,
				546B9EC51CBB0514001004F5 /* PaymentInfoViewController.swift */,
				544709691E0DCCBF005E0B8F /* SettingsViewController.swift */,
			);
			path = ViewControllers;
			sourceTree = "<group>";
		};
		9F4D9C4A02E310CEBD5EC6D5 /* Frameworks */ = {
			isa = PBXGroup;
			children = (
				54FEDE481E0B023B0086A072 /* CoreData.framework */,
				0A3B066A5EB7401D33A39D58 /* Pods.framework */,
				D878D132A184EA0BBF717A89 /* Pods_Clients.framework */,
			);
			name = Frameworks;
			sourceTree = "<group>";
		};
/* End PBXGroup section */

/* Begin PBXNativeTarget section */
		54F186651AC49564006844CE /* Clients */ = {
			isa = PBXNativeTarget;
			buildConfigurationList = 54F186871AC49564006844CE /* Build configuration list for PBXNativeTarget "Clients" */;
			buildPhases = (
				D8F1AF1501960BE3953F1125 /* [CP] Check Pods Manifest.lock */,
				54F186621AC49564006844CE /* Sources */,
				54F186631AC49564006844CE /* Frameworks */,
				54F186641AC49564006844CE /* Resources */,
				50212A6F674522A8D373591D /* [CP] Embed Pods Frameworks */,
				ACF0A2882DE0A21FD11D0324 /* [CP] Copy Pods Resources */,
			);
			buildRules = (
			);
			dependencies = (
			);
			name = Clients;
			productName = VerdantConnections;
			productReference = 54F186661AC49564006844CE /* Clients.app */;
			productType = "com.apple.product-type.application";
		};
		54F1867C1AC49564006844CE /* ClientsTests */ = {
			isa = PBXNativeTarget;
			buildConfigurationList = 54F1868A1AC49564006844CE /* Build configuration list for PBXNativeTarget "ClientsTests" */;
			buildPhases = (
				54F186791AC49564006844CE /* Sources */,
				54F1867A1AC49564006844CE /* Frameworks */,
				54F1867B1AC49564006844CE /* Resources */,
			);
			buildRules = (
			);
			dependencies = (
				54F1867F1AC49564006844CE /* PBXTargetDependency */,
			);
			name = ClientsTests;
			productName = VerdantConnectionsTests;
			productReference = 54F1867D1AC49564006844CE /* Clients.xctest */;
			productType = "com.apple.product-type.bundle.unit-test";
		};
/* End PBXNativeTarget section */

/* Begin PBXProject section */
		54F1865E1AC49564006844CE /* Project object */ = {
			isa = PBXProject;
			attributes = {
				LastSwiftUpdateCheck = 0700;
				LastUpgradeCheck = 0820;
				ORGANIZATIONNAME = "Tristen Miller";
				TargetAttributes = {
					54F186651AC49564006844CE = {
						CreatedOnToolsVersion = 6.2;
						DevelopmentTeam = 6VJ9C2YY26;
						LastSwiftMigration = 0800;
						SystemCapabilities = {
							com.apple.iCloud = {
								enabled = 1;
							};
						};
					};
					54F1867C1AC49564006844CE = {
						CreatedOnToolsVersion = 6.2;
						TestTargetID = 54F186651AC49564006844CE;
					};
				};
			};
			buildConfigurationList = 54F186611AC49564006844CE /* Build configuration list for PBXProject "Clients" */;
			compatibilityVersion = "Xcode 3.2";
			developmentRegion = English;
			hasScannedForEncodings = 0;
			knownRegions = (
				en,
				Base,
			);
			mainGroup = 54F1865D1AC49564006844CE;
			productRefGroup = 54F186671AC49564006844CE /* Products */;
			projectDirPath = "";
			projectRoot = "";
			targets = (
				54F186651AC49564006844CE /* Clients */,
				54F1867C1AC49564006844CE /* ClientsTests */,
			);
		};
/* End PBXProject section */

/* Begin PBXResourcesBuildPhase section */
		54F186641AC49564006844CE /* Resources */ = {
			isa = PBXResourcesBuildPhase;
			buildActionMask = 2147483647;
			files = (
				54DE51D81B45EA72008A2570 /* Main.storyboard in Resources */,
				54F186781AC49564006844CE /* LaunchScreen.xib in Resources */,
				54F186751AC49564006844CE /* Images.xcassets in Resources */,
			);
			runOnlyForDeploymentPostprocessing = 0;
		};
		54F1867B1AC49564006844CE /* Resources */ = {
			isa = PBXResourcesBuildPhase;
			buildActionMask = 2147483647;
			files = (
			);
			runOnlyForDeploymentPostprocessing = 0;
		};
/* End PBXResourcesBuildPhase section */

/* Begin PBXShellScriptBuildPhase section */
		50212A6F674522A8D373591D /* [CP] Embed Pods Frameworks */ = {
			isa = PBXShellScriptBuildPhase;
			buildActionMask = 2147483647;
			files = (
			);
			inputPaths = (
			);
			name = "[CP] Embed Pods Frameworks";
			outputPaths = (
			);
			runOnlyForDeploymentPostprocessing = 0;
			shellPath = /bin/sh;
			shellScript = "\"${SRCROOT}/Pods/Target Support Files/Pods-Clients/Pods-Clients-frameworks.sh\"\n";
			showEnvVarsInLog = 0;
		};
		ACF0A2882DE0A21FD11D0324 /* [CP] Copy Pods Resources */ = {
			isa = PBXShellScriptBuildPhase;
			buildActionMask = 2147483647;
			files = (
			);
			inputPaths = (
			);
			name = "[CP] Copy Pods Resources";
			outputPaths = (
			);
			runOnlyForDeploymentPostprocessing = 0;
			shellPath = /bin/sh;
			shellScript = "\"${SRCROOT}/Pods/Target Support Files/Pods-Clients/Pods-Clients-resources.sh\"\n";
			showEnvVarsInLog = 0;
		};
		D8F1AF1501960BE3953F1125 /* [CP] Check Pods Manifest.lock */ = {
			isa = PBXShellScriptBuildPhase;
			buildActionMask = 2147483647;
			files = (
			);
			inputPaths = (
			);
			name = "[CP] Check Pods Manifest.lock";
			outputPaths = (
			);
			runOnlyForDeploymentPostprocessing = 0;
			shellPath = /bin/sh;
			shellScript = "diff \"${PODS_ROOT}/../Podfile.lock\" \"${PODS_ROOT}/Manifest.lock\" > /dev/null\nif [ $? != 0 ] ; then\n    # print error to STDERR\n    echo \"error: The sandbox is not in sync with the Podfile.lock. Run 'pod install' or update your CocoaPods installation.\" >&2\n    exit 1\nfi\n";
			showEnvVarsInLog = 0;
		};
/* End PBXShellScriptBuildPhase section */

/* Begin PBXSourcesBuildPhase section */
		54F186621AC49564006844CE /* Sources */ = {
			isa = PBXSourcesBuildPhase;
			buildActionMask = 2147483647;
			files = (
				54F1866C1AC49564006844CE /* AppDelegate.swift in Sources */,
				547A8A691AC4E5F400CC4DB6 /* ClientsViewController.swift in Sources */,
				54EF3E9D1E0CD562005B0970 /* Clients.xcdatamodeld in Sources */,
				546B9EC61CBB0514001004F5 /* PaymentInfoViewController.swift in Sources */,
				54A956911CBB27490030E010 /* ClientDataCell.swift in Sources */,
				547DB8491E186CA1008FDDC8 /* SettingsCollectionCell.swift in Sources */,
				54C1867F1E19C34D009E07E5 /* PaymentDataCell.swift in Sources */,
				54007E961CA8E32A007B3DA2 /* NewPaymentCell.swift in Sources */,
				54C2A2681B45C33800271412 /* NewMileageViewController.swift in Sources */,
				5447B19A1AC7426400A5C48B /* ClientInfoViewController.swift in Sources */,
				5447096C1E0DD56E005E0B8F /* Settings.swift in Sources */,
				544990261E19BECA00CF8EEF /* DatePickerCell.swift in Sources */,
				5447096A1E0DCCBF005E0B8F /* SettingsViewController.swift in Sources */,
				545182C11CA7484500DF345A /* NewCategoryViewController.swift in Sources */,
				54F605CD1C2F4E3C00CB0A49 /* FileCreator.swift in Sources */,
				54C2A2661B45BDD600271412 /* MileageTableViewController.swift in Sources */,
				542B19291C2A2F1F00A64089 /* TextInputCell.swift in Sources */,
			);
			runOnlyForDeploymentPostprocessing = 0;
		};
		54F186791AC49564006844CE /* Sources */ = {
			isa = PBXSourcesBuildPhase;
			buildActionMask = 2147483647;
			files = (
			);
			runOnlyForDeploymentPostprocessing = 0;
		};
/* End PBXSourcesBuildPhase section */

/* Begin PBXTargetDependency section */
		54F1867F1AC49564006844CE /* PBXTargetDependency */ = {
			isa = PBXTargetDependency;
			target = 54F186651AC49564006844CE /* Clients */;
			targetProxy = 54F1867E1AC49564006844CE /* PBXContainerItemProxy */;
		};
/* End PBXTargetDependency section */

/* Begin PBXVariantGroup section */
		54DE51D61B45EA72008A2570 /* Main.storyboard */ = {
			isa = PBXVariantGroup;
			children = (
				54DE51D71B45EA72008A2570 /* Base */,
			);
			name = Main.storyboard;
			sourceTree = "<group>";
		};
		54F186761AC49564006844CE /* LaunchScreen.xib */ = {
			isa = PBXVariantGroup;
			children = (
				54F186771AC49564006844CE /* Base */,
			);
			name = LaunchScreen.xib;
			sourceTree = "<group>";
		};
/* End PBXVariantGroup section */

/* Begin XCBuildConfiguration section */
		54F186851AC49564006844CE /* Debug */ = {
			isa = XCBuildConfiguration;
			buildSettings = {
				ALWAYS_SEARCH_USER_PATHS = NO;
				CLANG_CXX_LANGUAGE_STANDARD = "gnu++0x";
				CLANG_CXX_LIBRARY = "libc++";
				CLANG_ENABLE_MODULES = YES;
				CLANG_ENABLE_OBJC_ARC = YES;
				CLANG_WARN_BOOL_CONVERSION = YES;
				CLANG_WARN_CONSTANT_CONVERSION = YES;
				CLANG_WARN_DIRECT_OBJC_ISA_USAGE = YES_ERROR;
				CLANG_WARN_EMPTY_BODY = YES;
				CLANG_WARN_ENUM_CONVERSION = YES;
				CLANG_WARN_INFINITE_RECURSION = YES;
				CLANG_WARN_INT_CONVERSION = YES;
				CLANG_WARN_OBJC_ROOT_CLASS = YES_ERROR;
				CLANG_WARN_SUSPICIOUS_MOVE = YES;
				CLANG_WARN_UNREACHABLE_CODE = YES;
				CLANG_WARN__DUPLICATE_METHOD_MATCH = YES;
				"CODE_SIGN_IDENTITY[sdk=iphoneos*]" = "iPhone Developer";
				COPY_PHASE_STRIP = NO;
				ENABLE_STRICT_OBJC_MSGSEND = YES;
				ENABLE_TESTABILITY = YES;
				GCC_C_LANGUAGE_STANDARD = gnu99;
				GCC_DYNAMIC_NO_PIC = NO;
				GCC_NO_COMMON_BLOCKS = YES;
				GCC_OPTIMIZATION_LEVEL = 0;
				GCC_PREPROCESSOR_DEFINITIONS = (
					"DEBUG=1",
					"$(inherited)",
				);
				GCC_SYMBOLS_PRIVATE_EXTERN = NO;
				GCC_WARN_64_TO_32_BIT_CONVERSION = YES;
				GCC_WARN_ABOUT_RETURN_TYPE = YES_ERROR;
				GCC_WARN_UNDECLARED_SELECTOR = YES;
				GCC_WARN_UNINITIALIZED_AUTOS = YES_AGGRESSIVE;
				GCC_WARN_UNUSED_FUNCTION = YES;
				GCC_WARN_UNUSED_VARIABLE = YES;
				IPHONEOS_DEPLOYMENT_TARGET = 10.0;
				MTL_ENABLE_DEBUG_INFO = YES;
				ONLY_ACTIVE_ARCH = YES;
				SDKROOT = iphoneos;
				SWIFT_OPTIMIZATION_LEVEL = "-Onone";
				TARGETED_DEVICE_FAMILY = "1,2";
			};
			name = Debug;
		};
		54F186861AC49564006844CE /* Release */ = {
			isa = XCBuildConfiguration;
			buildSettings = {
				ALWAYS_SEARCH_USER_PATHS = NO;
				CLANG_CXX_LANGUAGE_STANDARD = "gnu++0x";
				CLANG_CXX_LIBRARY = "libc++";
				CLANG_ENABLE_MODULES = YES;
				CLANG_ENABLE_OBJC_ARC = YES;
				CLANG_WARN_BOOL_CONVERSION = YES;
				CLANG_WARN_CONSTANT_CONVERSION = YES;
				CLANG_WARN_DIRECT_OBJC_ISA_USAGE = YES_ERROR;
				CLANG_WARN_EMPTY_BODY = YES;
				CLANG_WARN_ENUM_CONVERSION = YES;
				CLANG_WARN_INFINITE_RECURSION = YES;
				CLANG_WARN_INT_CONVERSION = YES;
				CLANG_WARN_OBJC_ROOT_CLASS = YES_ERROR;
				CLANG_WARN_SUSPICIOUS_MOVE = YES;
				CLANG_WARN_UNREACHABLE_CODE = YES;
				CLANG_WARN__DUPLICATE_METHOD_MATCH = YES;
				"CODE_SIGN_IDENTITY[sdk=iphoneos*]" = "iPhone Developer";
				COPY_PHASE_STRIP = NO;
				ENABLE_NS_ASSERTIONS = NO;
				ENABLE_STRICT_OBJC_MSGSEND = YES;
				GCC_C_LANGUAGE_STANDARD = gnu99;
				GCC_NO_COMMON_BLOCKS = YES;
				GCC_OPTIMIZATION_LEVEL = 0;
				GCC_WARN_64_TO_32_BIT_CONVERSION = YES;
				GCC_WARN_ABOUT_RETURN_TYPE = YES_ERROR;
				GCC_WARN_UNDECLARED_SELECTOR = YES;
				GCC_WARN_UNINITIALIZED_AUTOS = YES_AGGRESSIVE;
				GCC_WARN_UNUSED_FUNCTION = YES;
				GCC_WARN_UNUSED_VARIABLE = YES;
				IPHONEOS_DEPLOYMENT_TARGET = 10.0;
				MTL_ENABLE_DEBUG_INFO = NO;
				ONLY_ACTIVE_ARCH = NO;
				SDKROOT = iphoneos;
				SWIFT_OPTIMIZATION_LEVEL = "-Owholemodule";
				TARGETED_DEVICE_FAMILY = "1,2";
				VALIDATE_PRODUCT = YES;
			};
			name = Release;
		};
		54F186881AC49564006844CE /* Debug */ = {
			isa = XCBuildConfiguration;
			baseConfigurationReference = 2F239145ED8EAF74B1845444 /* Pods-Clients.debug.xcconfig */;
			buildSettings = {
				ALWAYS_EMBED_SWIFT_STANDARD_LIBRARIES = YES;
				ASSETCATALOG_COMPILER_APPICON_NAME = AppIcon;
				CODE_SIGN_ENTITLEMENTS = Clients/Clients.entitlements;
				CODE_SIGN_IDENTITY = "iPhone Developer";
				"CODE_SIGN_IDENTITY[sdk=iphoneos*]" = "iPhone Developer";
				DEVELOPMENT_TEAM = 6VJ9C2YY26;
				INFOPLIST_FILE = Clients/Info.plist;
				IPHONEOS_DEPLOYMENT_TARGET = 10.0;
				LD_RUNPATH_SEARCH_PATHS = "$(inherited) @executable_path/Frameworks";
				PRODUCT_BUNDLE_IDENTIFIER = "com.hawkfalcon.$(PRODUCT_NAME:rfc1034identifier)";
				PRODUCT_NAME = Clients;
				PROVISIONING_PROFILE = "";
				SWIFT_VERSION = 3.0;
			};
			name = Debug;
		};
		54F186891AC49564006844CE /* Release */ = {
			isa = XCBuildConfiguration;
			baseConfigurationReference = C454141022F0101A6645A11F /* Pods-Clients.release.xcconfig */;
			buildSettings = {
				ALWAYS_EMBED_SWIFT_STANDARD_LIBRARIES = YES;
				ASSETCATALOG_COMPILER_APPICON_NAME = AppIcon;
				CODE_SIGN_ENTITLEMENTS = Clients/Clients.entitlements;
				CODE_SIGN_IDENTITY = "iPhone Developer";
				"CODE_SIGN_IDENTITY[sdk=iphoneos*]" = "iPhone Developer";
				DEVELOPMENT_TEAM = 6VJ9C2YY26;
				INFOPLIST_FILE = Clients/Info.plist;
				IPHONEOS_DEPLOYMENT_TARGET = 10.0;
				LD_RUNPATH_SEARCH_PATHS = "$(inherited) @executable_path/Frameworks";
				PRODUCT_BUNDLE_IDENTIFIER = "com.hawkfalcon.$(PRODUCT_NAME:rfc1034identifier)";
				PRODUCT_NAME = Clients;
				PROVISIONING_PROFILE = "";
				SWIFT_VERSION = 3.0;
			};
			name = Release;
		};
		54F1868B1AC49564006844CE /* Debug */ = {
			isa = XCBuildConfiguration;
			buildSettings = {
				BUNDLE_LOADER = "$(TEST_HOST)";
				FRAMEWORK_SEARCH_PATHS = (
					"$(SDKROOT)/Developer/Library/Frameworks",
					"$(inherited)",
				);
				GCC_PREPROCESSOR_DEFINITIONS = (
					"DEBUG=1",
					"$(inherited)",
				);
				INFOPLIST_FILE = Clients/Info.plist;
				LD_RUNPATH_SEARCH_PATHS = "$(inherited) @executable_path/Frameworks @loader_path/Frameworks";
				PRODUCT_BUNDLE_IDENTIFIER = "com.hawkfalcon.$(PRODUCT_NAME:rfc1034identifier)";
				PRODUCT_NAME = Clients;
				TEST_HOST = "$(BUILT_PRODUCTS_DIR)/Clients.app/Clients";
			};
			name = Debug;
		};
		54F1868C1AC49564006844CE /* Release */ = {
			isa = XCBuildConfiguration;
			buildSettings = {
				BUNDLE_LOADER = "$(TEST_HOST)";
				FRAMEWORK_SEARCH_PATHS = (
					"$(SDKROOT)/Developer/Library/Frameworks",
					"$(inherited)",
				);
				INFOPLIST_FILE = Clients/Info.plist;
				LD_RUNPATH_SEARCH_PATHS = "$(inherited) @executable_path/Frameworks @loader_path/Frameworks";
				PRODUCT_BUNDLE_IDENTIFIER = "com.hawkfalcon.$(PRODUCT_NAME:rfc1034identifier)";
				PRODUCT_NAME = Clients;
				TEST_HOST = "$(BUILT_PRODUCTS_DIR)/Clients.app/Clients";
			};
			name = Release;
		};
/* End XCBuildConfiguration section */

/* Begin XCConfigurationList section */
		54F186611AC49564006844CE /* Build configuration list for PBXProject "Clients" */ = {
			isa = XCConfigurationList;
			buildConfigurations = (
				54F186851AC49564006844CE /* Debug */,
				54F186861AC49564006844CE /* Release */,
			);
			defaultConfigurationIsVisible = 0;
			defaultConfigurationName = Release;
		};
		54F186871AC49564006844CE /* Build configuration list for PBXNativeTarget "Clients" */ = {
			isa = XCConfigurationList;
			buildConfigurations = (
				54F186881AC49564006844CE /* Debug */,
				54F186891AC49564006844CE /* Release */,
			);
			defaultConfigurationIsVisible = 0;
			defaultConfigurationName = Release;
		};
		54F1868A1AC49564006844CE /* Build configuration list for PBXNativeTarget "ClientsTests" */ = {
			isa = XCConfigurationList;
			buildConfigurations = (
				54F1868B1AC49564006844CE /* Debug */,
				54F1868C1AC49564006844CE /* Release */,
			);
			defaultConfigurationIsVisible = 0;
			defaultConfigurationName = Release;
		};
/* End XCConfigurationList section */

/* Begin XCVersionGroup section */
		54EF3E9B1E0CD562005B0970 /* Clients.xcdatamodeld */ = {
			isa = XCVersionGroup;
			children = (
				54EF3E9C1E0CD562005B0970 /* Clients.xcdatamodel */,
			);
			currentVersion = 54EF3E9C1E0CD562005B0970 /* Clients.xcdatamodel */;
			path = Clients.xcdatamodeld;
			sourceTree = "<group>";
			versionGroupType = wrapper.xcdatamodel;
		};
/* End XCVersionGroup section */
	};
	rootObject = 54F1865E1AC49564006844CE /* Project object */;
}
